// !$*UTF8*$!
{
	archiveVersion = 1;
	classes = {
	};
	objectVersion = 56;
	objects = {

/* Begin PBXBuildFile section */
		77344054298AD2EE00783084 /* AppDelegate.swift in Sources */ = {isa = PBXBuildFile; fileRef = 77344053298AD2EE00783084 /* AppDelegate.swift */; };
		77344056298AD2EE00783084 /* SceneDelegate.swift in Sources */ = {isa = PBXBuildFile; fileRef = 77344055298AD2EE00783084 /* SceneDelegate.swift */; };
		77344058298AD2EE00783084 /* ViewController.swift in Sources */ = {isa = PBXBuildFile; fileRef = 77344057298AD2EE00783084 /* ViewController.swift */; };
		7734405B298AD2EE00783084 /* Main.storyboard in Resources */ = {isa = PBXBuildFile; fileRef = 77344059298AD2EE00783084 /* Main.storyboard */; };
		7734405D298AD2F600783084 /* Assets.xcassets in Resources */ = {isa = PBXBuildFile; fileRef = 7734405C298AD2F600783084 /* Assets.xcassets */; };
		77344060298AD2F600783084 /* LaunchScreen.storyboard in Resources */ = {isa = PBXBuildFile; fileRef = 7734405E298AD2F600783084 /* LaunchScreen.storyboard */; };
		7734406D298AE9EF00783084 /* DemoViewController.swift in Sources */ = {isa = PBXBuildFile; fileRef = 7734406C298AE9EF00783084 /* DemoViewController.swift */; };
		7734406F298AEA2300783084 /* DemoViewController.storyboard in Resources */ = {isa = PBXBuildFile; fileRef = 7734406E298AEA2300783084 /* DemoViewController.storyboard */; };
		77344072298AEBE400783084 /* LoginViewController.swift in Sources */ = {isa = PBXBuildFile; fileRef = 77344071298AEBE400783084 /* LoginViewController.swift */; };
		77344074298AEC0200783084 /* LoginViewController.storyboard in Resources */ = {isa = PBXBuildFile; fileRef = 77344073298AEC0200783084 /* LoginViewController.storyboard */; };
		77344077298AEF5100783084 /* TermsViewController.swift in Sources */ = {isa = PBXBuildFile; fileRef = 77344076298AEF5100783084 /* TermsViewController.swift */; };
		77344079298AEF5E00783084 /* TermsViewController.storyboard in Resources */ = {isa = PBXBuildFile; fileRef = 77344078298AEF5E00783084 /* TermsViewController.storyboard */; };
		7734407C298AF86800783084 /* AuthData.swift in Sources */ = {isa = PBXBuildFile; fileRef = 7734407B298AF86800783084 /* AuthData.swift */; };
		7734407F298B03F300783084 /* Router.swift in Sources */ = {isa = PBXBuildFile; fileRef = 7734407E298B03F300783084 /* Router.swift */; };
		77344081298B040200783084 /* MainRouter.swift in Sources */ = {isa = PBXBuildFile; fileRef = 77344080298B040200783084 /* MainRouter.swift */; };
/* End PBXBuildFile section */

/* Begin PBXFileReference section */
		77344050298AD2EE00783084 /* TransitionsPractice.app */ = {isa = PBXFileReference; explicitFileType = wrapper.application; includeInIndex = 0; path = TransitionsPractice.app; sourceTree = BUILT_PRODUCTS_DIR; };
		77344053298AD2EE00783084 /* AppDelegate.swift */ = {isa = PBXFileReference; lastKnownFileType = sourcecode.swift; path = AppDelegate.swift; sourceTree = "<group>"; };
		77344055298AD2EE00783084 /* SceneDelegate.swift */ = {isa = PBXFileReference; lastKnownFileType = sourcecode.swift; path = SceneDelegate.swift; sourceTree = "<group>"; };
		77344057298AD2EE00783084 /* ViewController.swift */ = {isa = PBXFileReference; lastKnownFileType = sourcecode.swift; path = ViewController.swift; sourceTree = "<group>"; };
		7734405A298AD2EE00783084 /* Base */ = {isa = PBXFileReference; lastKnownFileType = file.storyboard; name = Base; path = Base.lproj/Main.storyboard; sourceTree = "<group>"; };
		7734405C298AD2F600783084 /* Assets.xcassets */ = {isa = PBXFileReference; lastKnownFileType = folder.assetcatalog; path = Assets.xcassets; sourceTree = "<group>"; };
		7734405F298AD2F600783084 /* Base */ = {isa = PBXFileReference; lastKnownFileType = file.storyboard; name = Base; path = Base.lproj/LaunchScreen.storyboard; sourceTree = "<group>"; };
		77344061298AD2F600783084 /* Info.plist */ = {isa = PBXFileReference; lastKnownFileType = text.plist.xml; path = Info.plist; sourceTree = "<group>"; };
		7734406C298AE9EF00783084 /* DemoViewController.swift */ = {isa = PBXFileReference; lastKnownFileType = sourcecode.swift; path = DemoViewController.swift; sourceTree = "<group>"; };
		7734406E298AEA2300783084 /* DemoViewController.storyboard */ = {isa = PBXFileReference; lastKnownFileType = file.storyboard; path = DemoViewController.storyboard; sourceTree = "<group>"; };
		77344071298AEBE400783084 /* LoginViewController.swift */ = {isa = PBXFileReference; lastKnownFileType = sourcecode.swift; path = LoginViewController.swift; sourceTree = "<group>"; };
		77344073298AEC0200783084 /* LoginViewController.storyboard */ = {isa = PBXFileReference; lastKnownFileType = file.storyboard; path = LoginViewController.storyboard; sourceTree = "<group>"; };
		77344076298AEF5100783084 /* TermsViewController.swift */ = {isa = PBXFileReference; lastKnownFileType = sourcecode.swift; path = TermsViewController.swift; sourceTree = "<group>"; };
		77344078298AEF5E00783084 /* TermsViewController.storyboard */ = {isa = PBXFileReference; lastKnownFileType = file.storyboard; path = TermsViewController.storyboard; sourceTree = "<group>"; };
		7734407B298AF86800783084 /* AuthData.swift */ = {isa = PBXFileReference; lastKnownFileType = sourcecode.swift; path = AuthData.swift; sourceTree = "<group>"; };
		7734407E298B03F300783084 /* Router.swift */ = {isa = PBXFileReference; lastKnownFileType = sourcecode.swift; path = Router.swift; sourceTree = "<group>"; };
		77344080298B040200783084 /* MainRouter.swift */ = {isa = PBXFileReference; lastKnownFileType = sourcecode.swift; path = MainRouter.swift; sourceTree = "<group>"; };
/* End PBXFileReference section */

/* Begin PBXFrameworksBuildPhase section */
		7734404D298AD2EE00783084 /* Frameworks */ = {
			isa = PBXFrameworksBuildPhase;
			buildActionMask = 2147483647;
			files = (
			);
			runOnlyForDeploymentPostprocessing = 0;
		};
/* End PBXFrameworksBuildPhase section */

/* Begin PBXGroup section */
		77344047298AD2EE00783084 = {
			isa = PBXGroup;
			children = (
				77344052298AD2EE00783084 /* TransitionsPractice */,
				77344051298AD2EE00783084 /* Products */,
			);
			sourceTree = "<group>";
		};
		77344051298AD2EE00783084 /* Products */ = {
			isa = PBXGroup;
			children = (
				77344050298AD2EE00783084 /* TransitionsPractice.app */,
			);
			name = Products;
			sourceTree = "<group>";
		};
		77344052298AD2EE00783084 /* TransitionsPractice */ = {
			isa = PBXGroup;
			children = (
				7734407D298B03E200783084 /* Router */,
				7734407A298AF83400783084 /* Models */,
				77344075298AEF3C00783084 /* Terms */,
				77344070298AEBCF00783084 /* Login */,
				7734406B298AE01C00783084 /* Demo */,
				7734406A298ADD3100783084 /* Main */,
				77344069298AD55300783084 /* Application */,
				77344068298AD54800783084 /* Resources */,
			);
			path = TransitionsPractice;
			sourceTree = "<group>";
		};
		77344068298AD54800783084 /* Resources */ = {
			isa = PBXGroup;
			children = (
				7734405C298AD2F600783084 /* Assets.xcassets */,
				7734405E298AD2F600783084 /* LaunchScreen.storyboard */,
				77344061298AD2F600783084 /* Info.plist */,
			);
			path = Resources;
			sourceTree = "<group>";
		};
		77344069298AD55300783084 /* Application */ = {
			isa = PBXGroup;
			children = (
				77344053298AD2EE00783084 /* AppDelegate.swift */,
				77344055298AD2EE00783084 /* SceneDelegate.swift */,
			);
			path = Application;
			sourceTree = "<group>";
		};
		7734406A298ADD3100783084 /* Main */ = {
			isa = PBXGroup;
			children = (
				77344057298AD2EE00783084 /* ViewController.swift */,
				77344059298AD2EE00783084 /* Main.storyboard */,
			);
			path = Main;
			sourceTree = "<group>";
		};
		7734406B298AE01C00783084 /* Demo */ = {
			isa = PBXGroup;
			children = (
				7734406C298AE9EF00783084 /* DemoViewController.swift */,
				7734406E298AEA2300783084 /* DemoViewController.storyboard */,
			);
			path = Demo;
			sourceTree = "<group>";
		};
		77344070298AEBCF00783084 /* Login */ = {
			isa = PBXGroup;
			children = (
				77344071298AEBE400783084 /* LoginViewController.swift */,
				77344073298AEC0200783084 /* LoginViewController.storyboard */,
			);
			path = Login;
			sourceTree = "<group>";
		};
		77344075298AEF3C00783084 /* Terms */ = {
			isa = PBXGroup;
			children = (
				77344076298AEF5100783084 /* TermsViewController.swift */,
				77344078298AEF5E00783084 /* TermsViewController.storyboard */,
			);
			path = Terms;
			sourceTree = "<group>";
		};
		7734407A298AF83400783084 /* Models */ = {
			isa = PBXGroup;
			children = (
				7734407B298AF86800783084 /* AuthData.swift */,
			);
			path = Models;
			sourceTree = "<group>";
		};
		7734407D298B03E200783084 /* Router */ = {
			isa = PBXGroup;
			children = (
				7734407E298B03F300783084 /* Router.swift */,
				77344080298B040200783084 /* MainRouter.swift */,
			);
			path = Router;
			sourceTree = "<group>";
		};
/* End PBXGroup section */

/* Begin PBXNativeTarget section */
		7734404F298AD2EE00783084 /* TransitionsPractice */ = {
			isa = PBXNativeTarget;
			buildConfigurationList = 77344064298AD2F600783084 /* Build configuration list for PBXNativeTarget "TransitionsPractice" */;
			buildPhases = (
				7734404C298AD2EE00783084 /* Sources */,
				7734404D298AD2EE00783084 /* Frameworks */,
				7734404E298AD2EE00783084 /* Resources */,
			);
			buildRules = (
			);
			dependencies = (
			);
			name = TransitionsPractice;
			productName = TransitionsPractice;
			productReference = 77344050298AD2EE00783084 /* TransitionsPractice.app */;
			productType = "com.apple.product-type.application";
		};
/* End PBXNativeTarget section */

/* Begin PBXProject section */
		77344048298AD2EE00783084 /* Project object */ = {
			isa = PBXProject;
			attributes = {
				BuildIndependentTargetsInParallel = 1;
				LastSwiftUpdateCheck = 1400;
				LastUpgradeCheck = 1400;
				TargetAttributes = {
					7734404F298AD2EE00783084 = {
						CreatedOnToolsVersion = 14.0.1;
					};
				};
			};
			buildConfigurationList = 7734404B298AD2EE00783084 /* Build configuration list for PBXProject "TransitionsPractice" */;
			compatibilityVersion = "Xcode 14.0";
			developmentRegion = en;
			hasScannedForEncodings = 0;
			knownRegions = (
				en,
				Base,
			);
			mainGroup = 77344047298AD2EE00783084;
			productRefGroup = 77344051298AD2EE00783084 /* Products */;
			projectDirPath = "";
			projectRoot = "";
			targets = (
				7734404F298AD2EE00783084 /* TransitionsPractice */,
			);
		};
/* End PBXProject section */

/* Begin PBXResourcesBuildPhase section */
		7734404E298AD2EE00783084 /* Resources */ = {
			isa = PBXResourcesBuildPhase;
			buildActionMask = 2147483647;
			files = (
				7734406F298AEA2300783084 /* DemoViewController.storyboard in Resources */,
				77344060298AD2F600783084 /* LaunchScreen.storyboard in Resources */,
				77344074298AEC0200783084 /* LoginViewController.storyboard in Resources */,
				7734405D298AD2F600783084 /* Assets.xcassets in Resources */,
				7734405B298AD2EE00783084 /* Main.storyboard in Resources */,
				77344079298AEF5E00783084 /* TermsViewController.storyboard in Resources */,
			);
			runOnlyForDeploymentPostprocessing = 0;
		};
/* End PBXResourcesBuildPhase section */

/* Begin PBXSourcesBuildPhase section */
		7734404C298AD2EE00783084 /* Sources */ = {
			isa = PBXSourcesBuildPhase;
			buildActionMask = 2147483647;
			files = (
				7734407F298B03F300783084 /* Router.swift in Sources */,
				77344058298AD2EE00783084 /* ViewController.swift in Sources */,
				77344054298AD2EE00783084 /* AppDelegate.swift in Sources */,
				77344056298AD2EE00783084 /* SceneDelegate.swift in Sources */,
				7734407C298AF86800783084 /* AuthData.swift in Sources */,
				77344072298AEBE400783084 /* LoginViewController.swift in Sources */,
				77344077298AEF5100783084 /* TermsViewController.swift in Sources */,
				7734406D298AE9EF00783084 /* DemoViewController.swift in Sources */,
				77344081298B040200783084 /* MainRouter.swift in Sources */,
			);
			runOnlyForDeploymentPostprocessing = 0;
		};
/* End PBXSourcesBuildPhase section */

/* Begin PBXVariantGroup section */
		77344059298AD2EE00783084 /* Main.storyboard */ = {
			isa = PBXVariantGroup;
			children = (
				7734405A298AD2EE00783084 /* Base */,
			);
			name = Main.storyboard;
			sourceTree = "<group>";
		};
		7734405E298AD2F600783084 /* LaunchScreen.storyboard */ = {
			isa = PBXVariantGroup;
			children = (
				7734405F298AD2F600783084 /* Base */,
			);
			name = LaunchScreen.storyboard;
			sourceTree = "<group>";
		};
/* End PBXVariantGroup section */

/* Begin XCBuildConfiguration section */
		77344062298AD2F600783084 /* Debug */ = {
			isa = XCBuildConfiguration;
			buildSettings = {
				ALWAYS_SEARCH_USER_PATHS = NO;
				CLANG_ANALYZER_NONNULL = YES;
				CLANG_ANALYZER_NUMBER_OBJECT_CONVERSION = YES_AGGRESSIVE;
				CLANG_CXX_LANGUAGE_STANDARD = "gnu++20";
				CLANG_ENABLE_MODULES = YES;
				CLANG_ENABLE_OBJC_ARC = YES;
				CLANG_ENABLE_OBJC_WEAK = YES;
				CLANG_WARN_BLOCK_CAPTURE_AUTORELEASING = YES;
				CLANG_WARN_BOOL_CONVERSION = YES;
				CLANG_WARN_COMMA = YES;
				CLANG_WARN_CONSTANT_CONVERSION = YES;
				CLANG_WARN_DEPRECATED_OBJC_IMPLEMENTATIONS = YES;
				CLANG_WARN_DIRECT_OBJC_ISA_USAGE = YES_ERROR;
				CLANG_WARN_DOCUMENTATION_COMMENTS = YES;
				CLANG_WARN_EMPTY_BODY = YES;
				CLANG_WARN_ENUM_CONVERSION = YES;
				CLANG_WARN_INFINITE_RECURSION = YES;
				CLANG_WARN_INT_CONVERSION = YES;
				CLANG_WARN_NON_LITERAL_NULL_CONVERSION = YES;
				CLANG_WARN_OBJC_IMPLICIT_RETAIN_SELF = YES;
				CLANG_WARN_OBJC_LITERAL_CONVERSION = YES;
				CLANG_WARN_OBJC_ROOT_CLASS = YES_ERROR;
				CLANG_WARN_QUOTED_INCLUDE_IN_FRAMEWORK_HEADER = YES;
				CLANG_WARN_RANGE_LOOP_ANALYSIS = YES;
				CLANG_WARN_STRICT_PROTOTYPES = YES;
				CLANG_WARN_SUSPICIOUS_MOVE = YES;
				CLANG_WARN_UNGUARDED_AVAILABILITY = YES_AGGRESSIVE;
				CLANG_WARN_UNREACHABLE_CODE = YES;
				CLANG_WARN__DUPLICATE_METHOD_MATCH = YES;
				COPY_PHASE_STRIP = NO;
				DEBUG_INFORMATION_FORMAT = dwarf;
				ENABLE_STRICT_OBJC_MSGSEND = YES;
				ENABLE_TESTABILITY = YES;
				GCC_C_LANGUAGE_STANDARD = gnu11;
				GCC_DYNAMIC_NO_PIC = NO;
				GCC_NO_COMMON_BLOCKS = YES;
				GCC_OPTIMIZATION_LEVEL = 0;
				GCC_PREPROCESSOR_DEFINITIONS = (
					"DEBUG=1",
					"$(inherited)",
				);
				GCC_WARN_64_TO_32_BIT_CONVERSION = YES;
				GCC_WARN_ABOUT_RETURN_TYPE = YES_ERROR;
				GCC_WARN_UNDECLARED_SELECTOR = YES;
				GCC_WARN_UNINITIALIZED_AUTOS = YES_AGGRESSIVE;
				GCC_WARN_UNUSED_FUNCTION = YES;
				GCC_WARN_UNUSED_VARIABLE = YES;
				IPHONEOS_DEPLOYMENT_TARGET = 16.0;
				MTL_ENABLE_DEBUG_INFO = INCLUDE_SOURCE;
				MTL_FAST_MATH = YES;
				ONLY_ACTIVE_ARCH = YES;
				SDKROOT = iphoneos;
				SWIFT_ACTIVE_COMPILATION_CONDITIONS = DEBUG;
				SWIFT_OPTIMIZATION_LEVEL = "-Onone";
			};
			name = Debug;
		};
		77344063298AD2F600783084 /* Release */ = {
			isa = XCBuildConfiguration;
			buildSettings = {
				ALWAYS_SEARCH_USER_PATHS = NO;
				CLANG_ANALYZER_NONNULL = YES;
				CLANG_ANALYZER_NUMBER_OBJECT_CONVERSION = YES_AGGRESSIVE;
				CLANG_CXX_LANGUAGE_STANDARD = "gnu++20";
				CLANG_ENABLE_MODULES = YES;
				CLANG_ENABLE_OBJC_ARC = YES;
				CLANG_ENABLE_OBJC_WEAK = YES;
				CLANG_WARN_BLOCK_CAPTURE_AUTORELEASING = YES;
				CLANG_WARN_BOOL_CONVERSION = YES;
				CLANG_WARN_COMMA = YES;
				CLANG_WARN_CONSTANT_CONVERSION = YES;
				CLANG_WARN_DEPRECATED_OBJC_IMPLEMENTATIONS = YES;
				CLANG_WARN_DIRECT_OBJC_ISA_USAGE = YES_ERROR;
				CLANG_WARN_DOCUMENTATION_COMMENTS = YES;
				CLANG_WARN_EMPTY_BODY = YES;
				CLANG_WARN_ENUM_CONVERSION = YES;
				CLANG_WARN_INFINITE_RECURSION = YES;
				CLANG_WARN_INT_CONVERSION = YES;
				CLANG_WARN_NON_LITERAL_NULL_CONVERSION = YES;
				CLANG_WARN_OBJC_IMPLICIT_RETAIN_SELF = YES;
				CLANG_WARN_OBJC_LITERAL_CONVERSION = YES;
				CLANG_WARN_OBJC_ROOT_CLASS = YES_ERROR;
				CLANG_WARN_QUOTED_INCLUDE_IN_FRAMEWORK_HEADER = YES;
				CLANG_WARN_RANGE_LOOP_ANALYSIS = YES;
				CLANG_WARN_STRICT_PROTOTYPES = YES;
				CLANG_WARN_SUSPICIOUS_MOVE = YES;
				CLANG_WARN_UNGUARDED_AVAILABILITY = YES_AGGRESSIVE;
				CLANG_WARN_UNREACHABLE_CODE = YES;
				CLANG_WARN__DUPLICATE_METHOD_MATCH = YES;
				COPY_PHASE_STRIP = NO;
				DEBUG_INFORMATION_FORMAT = "dwarf-with-dsym";
				ENABLE_NS_ASSERTIONS = NO;
				ENABLE_STRICT_OBJC_MSGSEND = YES;
				GCC_C_LANGUAGE_STANDARD = gnu11;
				GCC_NO_COMMON_BLOCKS = YES;
				GCC_WARN_64_TO_32_BIT_CONVERSION = YES;
				GCC_WARN_ABOUT_RETURN_TYPE = YES_ERROR;
				GCC_WARN_UNDECLARED_SELECTOR = YES;
				GCC_WARN_UNINITIALIZED_AUTOS = YES_AGGRESSIVE;
				GCC_WARN_UNUSED_FUNCTION = YES;
				GCC_WARN_UNUSED_VARIABLE = YES;
				IPHONEOS_DEPLOYMENT_TARGET = 16.0;
				MTL_ENABLE_DEBUG_INFO = NO;
				MTL_FAST_MATH = YES;
				SDKROOT = iphoneos;
				SWIFT_COMPILATION_MODE = wholemodule;
				SWIFT_OPTIMIZATION_LEVEL = "-O";
				VALIDATE_PRODUCT = YES;
			};
			name = Release;
		};
		77344065298AD2F600783084 /* Debug */ = {
			isa = XCBuildConfiguration;
			buildSettings = {
				ASSETCATALOG_COMPILER_APPICON_NAME = AppIcon;
				ASSETCATALOG_COMPILER_GLOBAL_ACCENT_COLOR_NAME = AccentColor;
				CODE_SIGN_STYLE = Automatic;
				CURRENT_PROJECT_VERSION = 1;
				DEVELOPMENT_TEAM = X92UUHFVDD;
				GENERATE_INFOPLIST_FILE = YES;
				INFOPLIST_FILE = TransitionsPractice/Resources/Info.plist;
				INFOPLIST_KEY_UIApplicationSupportsIndirectInputEvents = YES;
				INFOPLIST_KEY_UILaunchStoryboardName = LaunchScreen;
				INFOPLIST_KEY_UIMainStoryboardFile = Main;
				INFOPLIST_KEY_UISupportedInterfaceOrientations_iPad = "UIInterfaceOrientationPortrait UIInterfaceOrientationPortraitUpsideDown UIInterfaceOrientationLandscapeLeft UIInterfaceOrientationLandscapeRight";
				INFOPLIST_KEY_UISupportedInterfaceOrientations_iPhone = "UIInterfaceOrientationPortrait UIInterfaceOrientationLandscapeLeft UIInterfaceOrientationLandscapeRight";
				LD_RUNPATH_SEARCH_PATHS = (
					"$(inherited)",
					"@executable_path/Frameworks",
				);
				MARKETING_VERSION = 1.0;
				PRODUCT_BUNDLE_IDENTIFIER = com.dmitrysamusenko.TransitionsPractice;
				PRODUCT_NAME = "$(TARGET_NAME)";
				SWIFT_EMIT_LOC_STRINGS = YES;
				SWIFT_VERSION = 5.0;
				TARGETED_DEVICE_FAMILY = "1,2";
			};
			name = Debug;
		};
		77344066298AD2F600783084 /* Release */ = {
			isa = XCBuildConfiguration;
			buildSettings = {
				ASSETCATALOG_COMPILER_APPICON_NAME = AppIcon;
				ASSETCATALOG_COMPILER_GLOBAL_ACCENT_COLOR_NAME = AccentColor;
				CODE_SIGN_STYLE = Automatic;
				CURRENT_PROJECT_VERSION = 1;
				DEVELOPMENT_TEAM = X92UUHFVDD;
				GENERATE_INFOPLIST_FILE = YES;
				INFOPLIST_FILE = TransitionsPractice/Resources/Info.plist;
				INFOPLIST_KEY_UIApplicationSupportsIndirectInputEvents = YES;
				INFOPLIST_KEY_UILaunchStoryboardName = LaunchScreen;
				INFOPLIST_KEY_UIMainStoryboardFile = Main;
				INFOPLIST_KEY_UISupportedInterfaceOrientations_iPad = "UIInterfaceOrientationPortrait UIInterfaceOrientationPortraitUpsideDown UIInterfaceOrientationLandscapeLeft UIInterfaceOrientationLandscapeRight";
				INFOPLIST_KEY_UISupportedInterfaceOrientations_iPhone = "UIInterfaceOrientationPortrait UIInterfaceOrientationLandscapeLeft UIInterfaceOrientationLandscapeRight";
				LD_RUNPATH_SEARCH_PATHS = (
					"$(inherited)",
					"@executable_path/Frameworks",
				);
				MARKETING_VERSION = 1.0;
				PRODUCT_BUNDLE_IDENTIFIER = com.dmitrysamusenko.TransitionsPractice;
				PRODUCT_NAME = "$(TARGET_NAME)";
				SWIFT_EMIT_LOC_STRINGS = YES;
				SWIFT_VERSION = 5.0;
				TARGETED_DEVICE_FAMILY = "1,2";
			};
			name = Release;
		};
/* End XCBuildConfiguration section */

/* Begin XCConfigurationList section */
		7734404B298AD2EE00783084 /* Build configuration list for PBXProject "TransitionsPractice" */ = {
			isa = XCConfigurationList;
			buildConfigurations = (
				77344062298AD2F600783084 /* Debug */,
				77344063298AD2F600783084 /* Release */,
			);
			defaultConfigurationIsVisible = 0;
			defaultConfigurationName = Release;
		};
		77344064298AD2F600783084 /* Build configuration list for PBXNativeTarget "TransitionsPractice" */ = {
			isa = XCConfigurationList;
			buildConfigurations = (
				77344065298AD2F600783084 /* Debug */,
				77344066298AD2F600783084 /* Release */,
			);
			defaultConfigurationIsVisible = 0;
			defaultConfigurationName = Release;
		};
/* End XCConfigurationList section */
	};
	rootObject = 77344048298AD2EE00783084 /* Project object */;
}
